// !$*UTF8*$!
{
	archiveVersion = 1;
	classes = {
	};
	objectVersion = 56;
	objects = {

/* Begin PBXBuildFile section */
		07EEEAA2FD9BCA43F8B812DE /* Pods_MyMovie.framework in Frameworks */ = {isa = PBXBuildFile; fileRef = B68F7303FE82190D9A87A8D7 /* Pods_MyMovie.framework */; };
		134BEA7B29BDE9E4003B6D27 /* UIComponent.framework in Frameworks */ = {isa = PBXBuildFile; fileRef = 134BEA7A29BDE9E4003B6D27 /* UIComponent.framework */; };
		134BEA7C29BDE9E4003B6D27 /* UIComponent.framework in Embed Frameworks */ = {isa = PBXBuildFile; fileRef = 134BEA7A29BDE9E4003B6D27 /* UIComponent.framework */; settings = {ATTRIBUTES = (CodeSignOnCopy, RemoveHeadersOnCopy, ); }; };
		13D993A429B382EA00B8E497 /* AppDelegate.swift in Sources */ = {isa = PBXBuildFile; fileRef = 13D993A329B382EA00B8E497 /* AppDelegate.swift */; };
		13D993A629B382EA00B8E497 /* SceneDelegate.swift in Sources */ = {isa = PBXBuildFile; fileRef = 13D993A529B382EA00B8E497 /* SceneDelegate.swift */; };
		13D993AD29B382EB00B8E497 /* Assets.xcassets in Resources */ = {isa = PBXBuildFile; fileRef = 13D993AC29B382EB00B8E497 /* Assets.xcassets */; };
		13D993B029B382EB00B8E497 /* LaunchScreen.storyboard in Resources */ = {isa = PBXBuildFile; fileRef = 13D993AE29B382EB00B8E497 /* LaunchScreen.storyboard */; };
		13D993BB29B382EB00B8E497 /* MyMovieTests.swift in Sources */ = {isa = PBXBuildFile; fileRef = 13D993BA29B382EB00B8E497 /* MyMovieTests.swift */; };
		13D993C529B382EB00B8E497 /* MyMovieUITests.swift in Sources */ = {isa = PBXBuildFile; fileRef = 13D993C429B382EB00B8E497 /* MyMovieUITests.swift */; };
		13D993C729B382EB00B8E497 /* MyMovieUITestsLaunchTests.swift in Sources */ = {isa = PBXBuildFile; fileRef = 13D993C629B382EB00B8E497 /* MyMovieUITestsLaunchTests.swift */; };
		13D9941929B38AE600B8E497 /* Common.framework in Frameworks */ = {isa = PBXBuildFile; fileRef = 13D9941729B38AE600B8E497 /* Common.framework */; };
		13D9941A29B38AE600B8E497 /* Common.framework in Embed Frameworks */ = {isa = PBXBuildFile; fileRef = 13D9941729B38AE600B8E497 /* Common.framework */; settings = {ATTRIBUTES = (CodeSignOnCopy, RemoveHeadersOnCopy, ); }; };
		13D9941B29B38AE600B8E497 /* Home.framework in Frameworks */ = {isa = PBXBuildFile; fileRef = 13D9941829B38AE600B8E497 /* Home.framework */; };
		13D9941C29B38AE600B8E497 /* Home.framework in Embed Frameworks */ = {isa = PBXBuildFile; fileRef = 13D9941829B38AE600B8E497 /* Home.framework */; settings = {ATTRIBUTES = (CodeSignOnCopy, RemoveHeadersOnCopy, ); }; };
		13D9942129B38E0C00B8E497 /* AppDIContainer.swift in Sources */ = {isa = PBXBuildFile; fileRef = 13D9942029B38E0C00B8E497 /* AppDIContainer.swift */; };
		495E8219F51BC75F51D20561 /* Pods_MyMovieTests.framework in Frameworks */ = {isa = PBXBuildFile; fileRef = 4FDB45E8759AE2BFD110528D /* Pods_MyMovieTests.framework */; };
		7AE9D65CF6C283A304C60BC6 /* Pods_MyMovie_MyMovieUITests.framework in Frameworks */ = {isa = PBXBuildFile; fileRef = D887DAFA987423BCB88DD0CA /* Pods_MyMovie_MyMovieUITests.framework */; };
/* End PBXBuildFile section */

/* Begin PBXContainerItemProxy section */
		13D993B729B382EB00B8E497 /* PBXContainerItemProxy */ = {
			isa = PBXContainerItemProxy;
			containerPortal = 13D9939829B382EA00B8E497 /* Project object */;
			proxyType = 1;
			remoteGlobalIDString = 13D9939F29B382EA00B8E497;
			remoteInfo = MyMovie;
		};
		13D993C129B382EB00B8E497 /* PBXContainerItemProxy */ = {
			isa = PBXContainerItemProxy;
			containerPortal = 13D9939829B382EA00B8E497 /* Project object */;
			proxyType = 1;
			remoteGlobalIDString = 13D9939F29B382EA00B8E497;
			remoteInfo = MyMovie;
		};
/* End PBXContainerItemProxy section */

/* Begin PBXCopyFilesBuildPhase section */
		13D9941D29B38AE600B8E497 /* Embed Frameworks */ = {
			isa = PBXCopyFilesBuildPhase;
			buildActionMask = 2147483647;
			dstPath = "";
			dstSubfolderSpec = 10;
			files = (
				13D9941A29B38AE600B8E497 /* Common.framework in Embed Frameworks */,
				134BEA7C29BDE9E4003B6D27 /* UIComponent.framework in Embed Frameworks */,
				13D9941C29B38AE600B8E497 /* Home.framework in Embed Frameworks */,
			);
			name = "Embed Frameworks";
			runOnlyForDeploymentPostprocessing = 0;
		};
/* End PBXCopyFilesBuildPhase section */

/* Begin PBXFileReference section */
		134BEA7A29BDE9E4003B6D27 /* UIComponent.framework */ = {isa = PBXFileReference; explicitFileType = wrapper.framework; path = UIComponent.framework; sourceTree = BUILT_PRODUCTS_DIR; };
		13D993A029B382EA00B8E497 /* MyMovie.app */ = {isa = PBXFileReference; explicitFileType = wrapper.application; includeInIndex = 0; path = MyMovie.app; sourceTree = BUILT_PRODUCTS_DIR; };
		13D993A329B382EA00B8E497 /* AppDelegate.swift */ = {isa = PBXFileReference; lastKnownFileType = sourcecode.swift; path = AppDelegate.swift; sourceTree = "<group>"; };
		13D993A529B382EA00B8E497 /* SceneDelegate.swift */ = {isa = PBXFileReference; lastKnownFileType = sourcecode.swift; path = SceneDelegate.swift; sourceTree = "<group>"; };
		13D993AC29B382EB00B8E497 /* Assets.xcassets */ = {isa = PBXFileReference; lastKnownFileType = folder.assetcatalog; path = Assets.xcassets; sourceTree = "<group>"; };
		13D993AF29B382EB00B8E497 /* Base */ = {isa = PBXFileReference; lastKnownFileType = file.storyboard; name = Base; path = Base.lproj/LaunchScreen.storyboard; sourceTree = "<group>"; };
		13D993B129B382EB00B8E497 /* Info.plist */ = {isa = PBXFileReference; lastKnownFileType = text.plist.xml; path = Info.plist; sourceTree = "<group>"; };
		13D993B629B382EB00B8E497 /* MyMovieTests.xctest */ = {isa = PBXFileReference; explicitFileType = wrapper.cfbundle; includeInIndex = 0; path = MyMovieTests.xctest; sourceTree = BUILT_PRODUCTS_DIR; };
		13D993BA29B382EB00B8E497 /* MyMovieTests.swift */ = {isa = PBXFileReference; lastKnownFileType = sourcecode.swift; path = MyMovieTests.swift; sourceTree = "<group>"; };
		13D993C029B382EB00B8E497 /* MyMovieUITests.xctest */ = {isa = PBXFileReference; explicitFileType = wrapper.cfbundle; includeInIndex = 0; path = MyMovieUITests.xctest; sourceTree = BUILT_PRODUCTS_DIR; };
		13D993C429B382EB00B8E497 /* MyMovieUITests.swift */ = {isa = PBXFileReference; lastKnownFileType = sourcecode.swift; path = MyMovieUITests.swift; sourceTree = "<group>"; };
		13D993C629B382EB00B8E497 /* MyMovieUITestsLaunchTests.swift */ = {isa = PBXFileReference; lastKnownFileType = sourcecode.swift; path = MyMovieUITestsLaunchTests.swift; sourceTree = "<group>"; };
		13D9941729B38AE600B8E497 /* Common.framework */ = {isa = PBXFileReference; explicitFileType = wrapper.framework; path = Common.framework; sourceTree = BUILT_PRODUCTS_DIR; };
		13D9941829B38AE600B8E497 /* Home.framework */ = {isa = PBXFileReference; explicitFileType = wrapper.framework; path = Home.framework; sourceTree = BUILT_PRODUCTS_DIR; };
		13D9942029B38E0C00B8E497 /* AppDIContainer.swift */ = {isa = PBXFileReference; lastKnownFileType = sourcecode.swift; path = AppDIContainer.swift; sourceTree = "<group>"; };
		3DADEF712E8B836A8ECF0ABF /* Pods-MyMovie-MyMovieUITests.release.xcconfig */ = {isa = PBXFileReference; includeInIndex = 1; lastKnownFileType = text.xcconfig; name = "Pods-MyMovie-MyMovieUITests.release.xcconfig"; path = "Target Support Files/Pods-MyMovie-MyMovieUITests/Pods-MyMovie-MyMovieUITests.release.xcconfig"; sourceTree = "<group>"; };
		4FDB45E8759AE2BFD110528D /* Pods_MyMovieTests.framework */ = {isa = PBXFileReference; explicitFileType = wrapper.framework; includeInIndex = 0; path = Pods_MyMovieTests.framework; sourceTree = BUILT_PRODUCTS_DIR; };
		5B68F9754D21706958379C2C /* Pods-MyMovie.debug.xcconfig */ = {isa = PBXFileReference; includeInIndex = 1; lastKnownFileType = text.xcconfig; name = "Pods-MyMovie.debug.xcconfig"; path = "Target Support Files/Pods-MyMovie/Pods-MyMovie.debug.xcconfig"; sourceTree = "<group>"; };
		5DD0928AA4B34BB5C2352BA2 /* Pods-MyMovieTests.debug.xcconfig */ = {isa = PBXFileReference; includeInIndex = 1; lastKnownFileType = text.xcconfig; name = "Pods-MyMovieTests.debug.xcconfig"; path = "Target Support Files/Pods-MyMovieTests/Pods-MyMovieTests.debug.xcconfig"; sourceTree = "<group>"; };
		9CAFA07E6653468EA2E1EFD8 /* Pods-MyMovie-MyMovieUITests.debug.xcconfig */ = {isa = PBXFileReference; includeInIndex = 1; lastKnownFileType = text.xcconfig; name = "Pods-MyMovie-MyMovieUITests.debug.xcconfig"; path = "Target Support Files/Pods-MyMovie-MyMovieUITests/Pods-MyMovie-MyMovieUITests.debug.xcconfig"; sourceTree = "<group>"; };
		AE8F17900727A496F10F18A0 /* Pods-MyMovieTests.release.xcconfig */ = {isa = PBXFileReference; includeInIndex = 1; lastKnownFileType = text.xcconfig; name = "Pods-MyMovieTests.release.xcconfig"; path = "Target Support Files/Pods-MyMovieTests/Pods-MyMovieTests.release.xcconfig"; sourceTree = "<group>"; };
		B68F7303FE82190D9A87A8D7 /* Pods_MyMovie.framework */ = {isa = PBXFileReference; explicitFileType = wrapper.framework; includeInIndex = 0; path = Pods_MyMovie.framework; sourceTree = BUILT_PRODUCTS_DIR; };
		D887DAFA987423BCB88DD0CA /* Pods_MyMovie_MyMovieUITests.framework */ = {isa = PBXFileReference; explicitFileType = wrapper.framework; includeInIndex = 0; path = Pods_MyMovie_MyMovieUITests.framework; sourceTree = BUILT_PRODUCTS_DIR; };
		F89E2B139BD6673C6637A22E /* Pods-MyMovie.release.xcconfig */ = {isa = PBXFileReference; includeInIndex = 1; lastKnownFileType = text.xcconfig; name = "Pods-MyMovie.release.xcconfig"; path = "Target Support Files/Pods-MyMovie/Pods-MyMovie.release.xcconfig"; sourceTree = "<group>"; };
/* End PBXFileReference section */

/* Begin PBXFrameworksBuildPhase section */
		13D9939D29B382EA00B8E497 /* Frameworks */ = {
			isa = PBXFrameworksBuildPhase;
			buildActionMask = 2147483647;
			files = (
				07EEEAA2FD9BCA43F8B812DE /* Pods_MyMovie.framework in Frameworks */,
				13D9941929B38AE600B8E497 /* Common.framework in Frameworks */,
				134BEA7B29BDE9E4003B6D27 /* UIComponent.framework in Frameworks */,
				13D9941B29B38AE600B8E497 /* Home.framework in Frameworks */,
			);
			runOnlyForDeploymentPostprocessing = 0;
		};
		13D993B329B382EB00B8E497 /* Frameworks */ = {
			isa = PBXFrameworksBuildPhase;
			buildActionMask = 2147483647;
			files = (
				495E8219F51BC75F51D20561 /* Pods_MyMovieTests.framework in Frameworks */,
			);
			runOnlyForDeploymentPostprocessing = 0;
		};
		13D993BD29B382EB00B8E497 /* Frameworks */ = {
			isa = PBXFrameworksBuildPhase;
			buildActionMask = 2147483647;
			files = (
				7AE9D65CF6C283A304C60BC6 /* Pods_MyMovie_MyMovieUITests.framework in Frameworks */,
			);
			runOnlyForDeploymentPostprocessing = 0;
		};
/* End PBXFrameworksBuildPhase section */

/* Begin PBXGroup section */
		13D9939729B382EA00B8E497 = {
			isa = PBXGroup;
			children = (
				13D993A229B382EA00B8E497 /* MyMovie */,
				13D993B929B382EB00B8E497 /* MyMovieTests */,
				13D993C329B382EB00B8E497 /* MyMovieUITests */,
				13D993A129B382EA00B8E497 /* Products */,
				1561192A61468080665B3121 /* Pods */,
				7ADE9B6FB0682EF63E5C606D /* Frameworks */,
			);
			sourceTree = "<group>";
		};
		13D993A129B382EA00B8E497 /* Products */ = {
			isa = PBXGroup;
			children = (
				13D993A029B382EA00B8E497 /* MyMovie.app */,
				13D993B629B382EB00B8E497 /* MyMovieTests.xctest */,
				13D993C029B382EB00B8E497 /* MyMovieUITests.xctest */,
			);
			name = Products;
			sourceTree = "<group>";
		};
		13D993A229B382EA00B8E497 /* MyMovie */ = {
			isa = PBXGroup;
			children = (
				13D993A329B382EA00B8E497 /* AppDelegate.swift */,
				13D993A529B382EA00B8E497 /* SceneDelegate.swift */,
				13D993AC29B382EB00B8E497 /* Assets.xcassets */,
				13D993AE29B382EB00B8E497 /* LaunchScreen.storyboard */,
				13D993B129B382EB00B8E497 /* Info.plist */,
				13D9942029B38E0C00B8E497 /* AppDIContainer.swift */,
			);
			path = MyMovie;
			sourceTree = "<group>";
		};
		13D993B929B382EB00B8E497 /* MyMovieTests */ = {
			isa = PBXGroup;
			children = (
				13D993BA29B382EB00B8E497 /* MyMovieTests.swift */,
			);
			path = MyMovieTests;
			sourceTree = "<group>";
		};
		13D993C329B382EB00B8E497 /* MyMovieUITests */ = {
			isa = PBXGroup;
			children = (
				13D993C429B382EB00B8E497 /* MyMovieUITests.swift */,
				13D993C629B382EB00B8E497 /* MyMovieUITestsLaunchTests.swift */,
			);
			path = MyMovieUITests;
			sourceTree = "<group>";
		};
		1561192A61468080665B3121 /* Pods */ = {
			isa = PBXGroup;
			children = (
				5B68F9754D21706958379C2C /* Pods-MyMovie.debug.xcconfig */,
				F89E2B139BD6673C6637A22E /* Pods-MyMovie.release.xcconfig */,
				9CAFA07E6653468EA2E1EFD8 /* Pods-MyMovie-MyMovieUITests.debug.xcconfig */,
				3DADEF712E8B836A8ECF0ABF /* Pods-MyMovie-MyMovieUITests.release.xcconfig */,
				5DD0928AA4B34BB5C2352BA2 /* Pods-MyMovieTests.debug.xcconfig */,
				AE8F17900727A496F10F18A0 /* Pods-MyMovieTests.release.xcconfig */,
			);
			name = Pods;
			path = ../Pods;
			sourceTree = "<group>";
		};
		7ADE9B6FB0682EF63E5C606D /* Frameworks */ = {
			isa = PBXGroup;
			children = (
				134BEA7A29BDE9E4003B6D27 /* UIComponent.framework */,
				13D9941729B38AE600B8E497 /* Common.framework */,
				13D9941829B38AE600B8E497 /* Home.framework */,
				B68F7303FE82190D9A87A8D7 /* Pods_MyMovie.framework */,
				D887DAFA987423BCB88DD0CA /* Pods_MyMovie_MyMovieUITests.framework */,
				4FDB45E8759AE2BFD110528D /* Pods_MyMovieTests.framework */,
			);
			name = Frameworks;
			sourceTree = "<group>";
		};
/* End PBXGroup section */

/* Begin PBXNativeTarget section */
		13D9939F29B382EA00B8E497 /* MyMovie */ = {
			isa = PBXNativeTarget;
			buildConfigurationList = 13D993CA29B382EB00B8E497 /* Build configuration list for PBXNativeTarget "MyMovie" */;
			buildPhases = (
				726400DBE2ECBCF8DBBBEF05 /* [CP] Check Pods Manifest.lock */,
				13D9939C29B382EA00B8E497 /* Sources */,
				13D9939D29B382EA00B8E497 /* Frameworks */,
				13D9939E29B382EA00B8E497 /* Resources */,
				2917524D2729F9116A6832BE /* [CP] Embed Pods Frameworks */,
				13D9941D29B38AE600B8E497 /* Embed Frameworks */,
			);
			buildRules = (
			);
			dependencies = (
			);
			name = MyMovie;
			productName = MyMovie;
			productReference = 13D993A029B382EA00B8E497 /* MyMovie.app */;
			productType = "com.apple.product-type.application";
		};
		13D993B529B382EB00B8E497 /* MyMovieTests */ = {
			isa = PBXNativeTarget;
			buildConfigurationList = 13D993CD29B382EB00B8E497 /* Build configuration list for PBXNativeTarget "MyMovieTests" */;
			buildPhases = (
				03B8329C4360FF07F11C30B9 /* [CP] Check Pods Manifest.lock */,
				13D993B229B382EB00B8E497 /* Sources */,
				13D993B329B382EB00B8E497 /* Frameworks */,
				13D993B429B382EB00B8E497 /* Resources */,
			);
			buildRules = (
			);
			dependencies = (
				13D993B829B382EB00B8E497 /* PBXTargetDependency */,
			);
			name = MyMovieTests;
			productName = MyMovieTests;
			productReference = 13D993B629B382EB00B8E497 /* MyMovieTests.xctest */;
			productType = "com.apple.product-type.bundle.unit-test";
		};
		13D993BF29B382EB00B8E497 /* MyMovieUITests */ = {
			isa = PBXNativeTarget;
			buildConfigurationList = 13D993D029B382EB00B8E497 /* Build configuration list for PBXNativeTarget "MyMovieUITests" */;
			buildPhases = (
				89AA94B3477D6A019E6CA470 /* [CP] Check Pods Manifest.lock */,
				13D993BC29B382EB00B8E497 /* Sources */,
				13D993BD29B382EB00B8E497 /* Frameworks */,
				13D993BE29B382EB00B8E497 /* Resources */,
				EE49E686898C2F258709338D /* [CP] Embed Pods Frameworks */,
			);
			buildRules = (
			);
			dependencies = (
				13D993C229B382EB00B8E497 /* PBXTargetDependency */,
			);
			name = MyMovieUITests;
			productName = MyMovieUITests;
			productReference = 13D993C029B382EB00B8E497 /* MyMovieUITests.xctest */;
			productType = "com.apple.product-type.bundle.ui-testing";
		};
/* End PBXNativeTarget section */

/* Begin PBXProject section */
		13D9939829B382EA00B8E497 /* Project object */ = {
			isa = PBXProject;
			attributes = {
				BuildIndependentTargetsInParallel = 1;
				LastSwiftUpdateCheck = 1420;
				LastUpgradeCheck = 1420;
				TargetAttributes = {
					13D9939F29B382EA00B8E497 = {
						CreatedOnToolsVersion = 14.2;
					};
					13D993B529B382EB00B8E497 = {
						CreatedOnToolsVersion = 14.2;
						TestTargetID = 13D9939F29B382EA00B8E497;
					};
					13D993BF29B382EB00B8E497 = {
						CreatedOnToolsVersion = 14.2;
						TestTargetID = 13D9939F29B382EA00B8E497;
					};
				};
			};
			buildConfigurationList = 13D9939B29B382EA00B8E497 /* Build configuration list for PBXProject "MyMovie" */;
			compatibilityVersion = "Xcode 14.0";
			developmentRegion = en;
			hasScannedForEncodings = 0;
			knownRegions = (
				en,
				Base,
			);
			mainGroup = 13D9939729B382EA00B8E497;
			productRefGroup = 13D993A129B382EA00B8E497 /* Products */;
			projectDirPath = "";
			projectRoot = "";
			targets = (
				13D9939F29B382EA00B8E497 /* MyMovie */,
				13D993B529B382EB00B8E497 /* MyMovieTests */,
				13D993BF29B382EB00B8E497 /* MyMovieUITests */,
			);
		};
/* End PBXProject section */

/* Begin PBXResourcesBuildPhase section */
		13D9939E29B382EA00B8E497 /* Resources */ = {
			isa = PBXResourcesBuildPhase;
			buildActionMask = 2147483647;
			files = (
				13D993B029B382EB00B8E497 /* LaunchScreen.storyboard in Resources */,
				13D993AD29B382EB00B8E497 /* Assets.xcassets in Resources */,
			);
			runOnlyForDeploymentPostprocessing = 0;
		};
		13D993B429B382EB00B8E497 /* Resources */ = {
			isa = PBXResourcesBuildPhase;
			buildActionMask = 2147483647;
			files = (
			);
			runOnlyForDeploymentPostprocessing = 0;
		};
		13D993BE29B382EB00B8E497 /* Resources */ = {
			isa = PBXResourcesBuildPhase;
			buildActionMask = 2147483647;
			files = (
			);
			runOnlyForDeploymentPostprocessing = 0;
		};
/* End PBXResourcesBuildPhase section */

/* Begin PBXShellScriptBuildPhase section */
		03B8329C4360FF07F11C30B9 /* [CP] Check Pods Manifest.lock */ = {
			isa = PBXShellScriptBuildPhase;
			buildActionMask = 2147483647;
			files = (
			);
			inputFileListPaths = (
			);
			inputPaths = (
				"${PODS_PODFILE_DIR_PATH}/Podfile.lock",
				"${PODS_ROOT}/Manifest.lock",
			);
			name = "[CP] Check Pods Manifest.lock";
			outputFileListPaths = (
			);
			outputPaths = (
				"$(DERIVED_FILE_DIR)/Pods-MyMovieTests-checkManifestLockResult.txt",
			);
			runOnlyForDeploymentPostprocessing = 0;
			shellPath = /bin/sh;
			shellScript = "diff \"${PODS_PODFILE_DIR_PATH}/Podfile.lock\" \"${PODS_ROOT}/Manifest.lock\" > /dev/null\nif [ $? != 0 ] ; then\n    # print error to STDERR\n    echo \"error: The sandbox is not in sync with the Podfile.lock. Run 'pod install' or update your CocoaPods installation.\" >&2\n    exit 1\nfi\n# This output is used by Xcode 'outputs' to avoid re-running this script phase.\necho \"SUCCESS\" > \"${SCRIPT_OUTPUT_FILE_0}\"\n";
			showEnvVarsInLog = 0;
		};
		2917524D2729F9116A6832BE /* [CP] Embed Pods Frameworks */ = {
			isa = PBXShellScriptBuildPhase;
			buildActionMask = 2147483647;
			files = (
			);
			inputFileListPaths = (
				"${PODS_ROOT}/Target Support Files/Pods-MyMovie/Pods-MyMovie-frameworks-${CONFIGURATION}-input-files.xcfilelist",
			);
			name = "[CP] Embed Pods Frameworks";
			outputFileListPaths = (
				"${PODS_ROOT}/Target Support Files/Pods-MyMovie/Pods-MyMovie-frameworks-${CONFIGURATION}-output-files.xcfilelist",
			);
			runOnlyForDeploymentPostprocessing = 0;
			shellPath = /bin/sh;
			shellScript = "\"${PODS_ROOT}/Target Support Files/Pods-MyMovie/Pods-MyMovie-frameworks.sh\"\n";
			showEnvVarsInLog = 0;
		};
		726400DBE2ECBCF8DBBBEF05 /* [CP] Check Pods Manifest.lock */ = {
			isa = PBXShellScriptBuildPhase;
			buildActionMask = 2147483647;
			files = (
			);
			inputFileListPaths = (
			);
			inputPaths = (
				"${PODS_PODFILE_DIR_PATH}/Podfile.lock",
				"${PODS_ROOT}/Manifest.lock",
			);
			name = "[CP] Check Pods Manifest.lock";
			outputFileListPaths = (
			);
			outputPaths = (
				"$(DERIVED_FILE_DIR)/Pods-MyMovie-checkManifestLockResult.txt",
			);
			runOnlyForDeploymentPostprocessing = 0;
			shellPath = /bin/sh;
			shellScript = "diff \"${PODS_PODFILE_DIR_PATH}/Podfile.lock\" \"${PODS_ROOT}/Manifest.lock\" > /dev/null\nif [ $? != 0 ] ; then\n    # print error to STDERR\n    echo \"error: The sandbox is not in sync with the Podfile.lock. Run 'pod install' or update your CocoaPods installation.\" >&2\n    exit 1\nfi\n# This output is used by Xcode 'outputs' to avoid re-running this script phase.\necho \"SUCCESS\" > \"${SCRIPT_OUTPUT_FILE_0}\"\n";
			showEnvVarsInLog = 0;
		};
		89AA94B3477D6A019E6CA470 /* [CP] Check Pods Manifest.lock */ = {
			isa = PBXShellScriptBuildPhase;
			buildActionMask = 2147483647;
			files = (
			);
			inputFileListPaths = (
			);
			inputPaths = (
				"${PODS_PODFILE_DIR_PATH}/Podfile.lock",
				"${PODS_ROOT}/Manifest.lock",
			);
			name = "[CP] Check Pods Manifest.lock";
			outputFileListPaths = (
			);
			outputPaths = (
				"$(DERIVED_FILE_DIR)/Pods-MyMovie-MyMovieUITests-checkManifestLockResult.txt",
			);
			runOnlyForDeploymentPostprocessing = 0;
			shellPath = /bin/sh;
			shellScript = "diff \"${PODS_PODFILE_DIR_PATH}/Podfile.lock\" \"${PODS_ROOT}/Manifest.lock\" > /dev/null\nif [ $? != 0 ] ; then\n    # print error to STDERR\n    echo \"error: The sandbox is not in sync with the Podfile.lock. Run 'pod install' or update your CocoaPods installation.\" >&2\n    exit 1\nfi\n# This output is used by Xcode 'outputs' to avoid re-running this script phase.\necho \"SUCCESS\" > \"${SCRIPT_OUTPUT_FILE_0}\"\n";
			showEnvVarsInLog = 0;
		};
		EE49E686898C2F258709338D /* [CP] Embed Pods Frameworks */ = {
			isa = PBXShellScriptBuildPhase;
			buildActionMask = 2147483647;
			files = (
			);
			inputFileListPaths = (
				"${PODS_ROOT}/Target Support Files/Pods-MyMovie-MyMovieUITests/Pods-MyMovie-MyMovieUITests-frameworks-${CONFIGURATION}-input-files.xcfilelist",
			);
			name = "[CP] Embed Pods Frameworks";
			outputFileListPaths = (
				"${PODS_ROOT}/Target Support Files/Pods-MyMovie-MyMovieUITests/Pods-MyMovie-MyMovieUITests-frameworks-${CONFIGURATION}-output-files.xcfilelist",
			);
			runOnlyForDeploymentPostprocessing = 0;
			shellPath = /bin/sh;
			shellScript = "\"${PODS_ROOT}/Target Support Files/Pods-MyMovie-MyMovieUITests/Pods-MyMovie-MyMovieUITests-frameworks.sh\"\n";
			showEnvVarsInLog = 0;
		};
/* End PBXShellScriptBuildPhase section */

/* Begin PBXSourcesBuildPhase section */
		13D9939C29B382EA00B8E497 /* Sources */ = {
			isa = PBXSourcesBuildPhase;
			buildActionMask = 2147483647;
			files = (
				13D993A429B382EA00B8E497 /* AppDelegate.swift in Sources */,
				13D993A629B382EA00B8E497 /* SceneDelegate.swift in Sources */,
				13D9942129B38E0C00B8E497 /* AppDIContainer.swift in Sources */,
			);
			runOnlyForDeploymentPostprocessing = 0;
		};
		13D993B229B382EB00B8E497 /* Sources */ = {
			isa = PBXSourcesBuildPhase;
			buildActionMask = 2147483647;
			files = (
				13D993BB29B382EB00B8E497 /* MyMovieTests.swift in Sources */,
			);
			runOnlyForDeploymentPostprocessing = 0;
		};
		13D993BC29B382EB00B8E497 /* Sources */ = {
			isa = PBXSourcesBuildPhase;
			buildActionMask = 2147483647;
			files = (
				13D993C529B382EB00B8E497 /* MyMovieUITests.swift in Sources */,
				13D993C729B382EB00B8E497 /* MyMovieUITestsLaunchTests.swift in Sources */,
			);
			runOnlyForDeploymentPostprocessing = 0;
		};
/* End PBXSourcesBuildPhase section */

/* Begin PBXTargetDependency section */
		13D993B829B382EB00B8E497 /* PBXTargetDependency */ = {
			isa = PBXTargetDependency;
			target = 13D9939F29B382EA00B8E497 /* MyMovie */;
			targetProxy = 13D993B729B382EB00B8E497 /* PBXContainerItemProxy */;
		};
		13D993C229B382EB00B8E497 /* PBXTargetDependency */ = {
			isa = PBXTargetDependency;
			target = 13D9939F29B382EA00B8E497 /* MyMovie */;
			targetProxy = 13D993C129B382EB00B8E497 /* PBXContainerItemProxy */;
		};
/* End PBXTargetDependency section */

/* Begin PBXVariantGroup section */
		13D993AE29B382EB00B8E497 /* LaunchScreen.storyboard */ = {
			isa = PBXVariantGroup;
			children = (
				13D993AF29B382EB00B8E497 /* Base */,
			);
			name = LaunchScreen.storyboard;
			sourceTree = "<group>";
		};
/* End PBXVariantGroup section */

/* Begin XCBuildConfiguration section */
		13D993C829B382EB00B8E497 /* Debug */ = {
			isa = XCBuildConfiguration;
			buildSettings = {
				ALWAYS_SEARCH_USER_PATHS = NO;
				CLANG_ANALYZER_NONNULL = YES;
				CLANG_ANALYZER_NUMBER_OBJECT_CONVERSION = YES_AGGRESSIVE;
				CLANG_CXX_LANGUAGE_STANDARD = "gnu++20";
				CLANG_ENABLE_MODULES = YES;
				CLANG_ENABLE_OBJC_ARC = YES;
				CLANG_ENABLE_OBJC_WEAK = YES;
				CLANG_WARN_BLOCK_CAPTURE_AUTORELEASING = YES;
				CLANG_WARN_BOOL_CONVERSION = YES;
				CLANG_WARN_COMMA = YES;
				CLANG_WARN_CONSTANT_CONVERSION = YES;
				CLANG_WARN_DEPRECATED_OBJC_IMPLEMENTATIONS = YES;
				CLANG_WARN_DIRECT_OBJC_ISA_USAGE = YES_ERROR;
				CLANG_WARN_DOCUMENTATION_COMMENTS = YES;
				CLANG_WARN_EMPTY_BODY = YES;
				CLANG_WARN_ENUM_CONVERSION = YES;
				CLANG_WARN_INFINITE_RECURSION = YES;
				CLANG_WARN_INT_CONVERSION = YES;
				CLANG_WARN_NON_LITERAL_NULL_CONVERSION = YES;
				CLANG_WARN_OBJC_IMPLICIT_RETAIN_SELF = YES;
				CLANG_WARN_OBJC_LITERAL_CONVERSION = YES;
				CLANG_WARN_OBJC_ROOT_CLASS = YES_ERROR;
				CLANG_WARN_QUOTED_INCLUDE_IN_FRAMEWORK_HEADER = YES;
				CLANG_WARN_RANGE_LOOP_ANALYSIS = YES;
				CLANG_WARN_STRICT_PROTOTYPES = YES;
				CLANG_WARN_SUSPICIOUS_MOVE = YES;
				CLANG_WARN_UNGUARDED_AVAILABILITY = YES_AGGRESSIVE;
				CLANG_WARN_UNREACHABLE_CODE = YES;
				CLANG_WARN__DUPLICATE_METHOD_MATCH = YES;
				COPY_PHASE_STRIP = NO;
				DEBUG_INFORMATION_FORMAT = dwarf;
				ENABLE_STRICT_OBJC_MSGSEND = YES;
				ENABLE_TESTABILITY = YES;
				GCC_C_LANGUAGE_STANDARD = gnu11;
				GCC_DYNAMIC_NO_PIC = NO;
				GCC_NO_COMMON_BLOCKS = YES;
				GCC_OPTIMIZATION_LEVEL = 0;
				GCC_PREPROCESSOR_DEFINITIONS = (
					"DEBUG=1",
					"$(inherited)",
				);
				GCC_WARN_64_TO_32_BIT_CONVERSION = YES;
				GCC_WARN_ABOUT_RETURN_TYPE = YES_ERROR;
				GCC_WARN_UNDECLARED_SELECTOR = YES;
				GCC_WARN_UNINITIALIZED_AUTOS = YES_AGGRESSIVE;
				GCC_WARN_UNUSED_FUNCTION = YES;
				GCC_WARN_UNUSED_VARIABLE = YES;
				IPHONEOS_DEPLOYMENT_TARGET = 14.0;
				MTL_ENABLE_DEBUG_INFO = INCLUDE_SOURCE;
				MTL_FAST_MATH = YES;
				ONLY_ACTIVE_ARCH = YES;
				SDKROOT = iphoneos;
				SWIFT_ACTIVE_COMPILATION_CONDITIONS = DEBUG;
				SWIFT_OPTIMIZATION_LEVEL = "-Onone";
			};
			name = Debug;
		};
		13D993C929B382EB00B8E497 /* Release */ = {
			isa = XCBuildConfiguration;
			buildSettings = {
				ALWAYS_SEARCH_USER_PATHS = NO;
				CLANG_ANALYZER_NONNULL = YES;
				CLANG_ANALYZER_NUMBER_OBJECT_CONVERSION = YES_AGGRESSIVE;
				CLANG_CXX_LANGUAGE_STANDARD = "gnu++20";
				CLANG_ENABLE_MODULES = YES;
				CLANG_ENABLE_OBJC_ARC = YES;
				CLANG_ENABLE_OBJC_WEAK = YES;
				CLANG_WARN_BLOCK_CAPTURE_AUTORELEASING = YES;
				CLANG_WARN_BOOL_CONVERSION = YES;
				CLANG_WARN_COMMA = YES;
				CLANG_WARN_CONSTANT_CONVERSION = YES;
				CLANG_WARN_DEPRECATED_OBJC_IMPLEMENTATIONS = YES;
				CLANG_WARN_DIRECT_OBJC_ISA_USAGE = YES_ERROR;
				CLANG_WARN_DOCUMENTATION_COMMENTS = YES;
				CLANG_WARN_EMPTY_BODY = YES;
				CLANG_WARN_ENUM_CONVERSION = YES;
				CLANG_WARN_INFINITE_RECURSION = YES;
				CLANG_WARN_INT_CONVERSION = YES;
				CLANG_WARN_NON_LITERAL_NULL_CONVERSION = YES;
				CLANG_WARN_OBJC_IMPLICIT_RETAIN_SELF = YES;
				CLANG_WARN_OBJC_LITERAL_CONVERSION = YES;
				CLANG_WARN_OBJC_ROOT_CLASS = YES_ERROR;
				CLANG_WARN_QUOTED_INCLUDE_IN_FRAMEWORK_HEADER = YES;
				CLANG_WARN_RANGE_LOOP_ANALYSIS = YES;
				CLANG_WARN_STRICT_PROTOTYPES = YES;
				CLANG_WARN_SUSPICIOUS_MOVE = YES;
				CLANG_WARN_UNGUARDED_AVAILABILITY = YES_AGGRESSIVE;
				CLANG_WARN_UNREACHABLE_CODE = YES;
				CLANG_WARN__DUPLICATE_METHOD_MATCH = YES;
				COPY_PHASE_STRIP = NO;
				DEBUG_INFORMATION_FORMAT = "dwarf-with-dsym";
				ENABLE_NS_ASSERTIONS = NO;
				ENABLE_STRICT_OBJC_MSGSEND = YES;
				GCC_C_LANGUAGE_STANDARD = gnu11;
				GCC_NO_COMMON_BLOCKS = YES;
				GCC_WARN_64_TO_32_BIT_CONVERSION = YES;
				GCC_WARN_ABOUT_RETURN_TYPE = YES_ERROR;
				GCC_WARN_UNDECLARED_SELECTOR = YES;
				GCC_WARN_UNINITIALIZED_AUTOS = YES_AGGRESSIVE;
				GCC_WARN_UNUSED_FUNCTION = YES;
				GCC_WARN_UNUSED_VARIABLE = YES;
				IPHONEOS_DEPLOYMENT_TARGET = 14.0;
				MTL_ENABLE_DEBUG_INFO = NO;
				MTL_FAST_MATH = YES;
				SDKROOT = iphoneos;
				SWIFT_COMPILATION_MODE = wholemodule;
				SWIFT_OPTIMIZATION_LEVEL = "-O";
				VALIDATE_PRODUCT = YES;
			};
			name = Release;
		};
		13D993CB29B382EB00B8E497 /* Debug */ = {
			isa = XCBuildConfiguration;
			baseConfigurationReference = 5B68F9754D21706958379C2C /* Pods-MyMovie.debug.xcconfig */;
			buildSettings = {
				ASSETCATALOG_COMPILER_APPICON_NAME = AppIcon;
				ASSETCATALOG_COMPILER_GLOBAL_ACCENT_COLOR_NAME = AccentColor;
				CODE_SIGN_STYLE = Automatic;
				CURRENT_PROJECT_VERSION = 1;
				DEVELOPMENT_TEAM = 3LTN66N935;
				GENERATE_INFOPLIST_FILE = YES;
				INFOPLIST_FILE = MyMovie/Info.plist;
				INFOPLIST_KEY_UIApplicationSupportsIndirectInputEvents = YES;
				INFOPLIST_KEY_UILaunchStoryboardName = LaunchScreen;
				INFOPLIST_KEY_UISupportedInterfaceOrientations_iPad = "UIInterfaceOrientationPortrait UIInterfaceOrientationPortraitUpsideDown UIInterfaceOrientationLandscapeLeft UIInterfaceOrientationLandscapeRight";
				INFOPLIST_KEY_UISupportedInterfaceOrientations_iPhone = "UIInterfaceOrientationPortrait UIInterfaceOrientationLandscapeLeft UIInterfaceOrientationLandscapeRight";
				IPHONEOS_DEPLOYMENT_TARGET = 14.0;
				LD_RUNPATH_SEARCH_PATHS = (
					"$(inherited)",
					"@executable_path/Frameworks",
				);
				MARKETING_VERSION = 1.0;
				PRODUCT_BUNDLE_IDENTIFIER = com.jiho.MyMovie;
				PRODUCT_NAME = "$(TARGET_NAME)";
				SUPPORTED_PLATFORMS = "iphoneos iphonesimulator";
				SUPPORTS_MACCATALYST = NO;
				SUPPORTS_MAC_DESIGNED_FOR_IPHONE_IPAD = NO;
				SWIFT_EMIT_LOC_STRINGS = YES;
				SWIFT_VERSION = 5.0;
				TARGETED_DEVICE_FAMILY = "1,2";
			};
			name = Debug;
		};
		13D993CC29B382EB00B8E497 /* Release */ = {
			isa = XCBuildConfiguration;
			baseConfigurationReference = F89E2B139BD6673C6637A22E /* Pods-MyMovie.release.xcconfig */;
			buildSettings = {
				ASSETCATALOG_COMPILER_APPICON_NAME = AppIcon;
				ASSETCATALOG_COMPILER_GLOBAL_ACCENT_COLOR_NAME = AccentColor;
				CODE_SIGN_STYLE = Automatic;
				CURRENT_PROJECT_VERSION = 1;
				DEVELOPMENT_TEAM = 3LTN66N935;
				GENERATE_INFOPLIST_FILE = YES;
				INFOPLIST_FILE = MyMovie/Info.plist;
				INFOPLIST_KEY_UIApplicationSupportsIndirectInputEvents = YES;
				INFOPLIST_KEY_UILaunchStoryboardName = LaunchScreen;
				INFOPLIST_KEY_UISupportedInterfaceOrientations_iPad = "UIInterfaceOrientationPortrait UIInterfaceOrientationPortraitUpsideDown UIInterfaceOrientationLandscapeLeft UIInterfaceOrientationLandscapeRight";
				INFOPLIST_KEY_UISupportedInterfaceOrientations_iPhone = "UIInterfaceOrientationPortrait UIInterfaceOrientationLandscapeLeft UIInterfaceOrientationLandscapeRight";
				IPHONEOS_DEPLOYMENT_TARGET = 14.0;
				LD_RUNPATH_SEARCH_PATHS = (
					"$(inherited)",
					"@executable_path/Frameworks",
				);
				MARKETING_VERSION = 1.0;
				PRODUCT_BUNDLE_IDENTIFIER = com.jiho.MyMovie;
				PRODUCT_NAME = "$(TARGET_NAME)";
				SUPPORTED_PLATFORMS = "iphoneos iphonesimulator";
				SUPPORTS_MACCATALYST = NO;
				SUPPORTS_MAC_DESIGNED_FOR_IPHONE_IPAD = NO;
				SWIFT_EMIT_LOC_STRINGS = YES;
				SWIFT_VERSION = 5.0;
				TARGETED_DEVICE_FAMILY = "1,2";
			};
			name = Release;
		};
		13D993CE29B382EB00B8E497 /* Debug */ = {
			isa = XCBuildConfiguration;
			baseConfigurationReference = 5DD0928AA4B34BB5C2352BA2 /* Pods-MyMovieTests.debug.xcconfig */;
			buildSettings = {
				ALWAYS_EMBED_SWIFT_STANDARD_LIBRARIES = YES;
				BUNDLE_LOADER = "$(TEST_HOST)";
				CODE_SIGN_STYLE = Automatic;
				CURRENT_PROJECT_VERSION = 1;
				DEVELOPMENT_TEAM = 3LTN66N935;
				GENERATE_INFOPLIST_FILE = YES;
				IPHONEOS_DEPLOYMENT_TARGET = 16.2;
				MARKETING_VERSION = 1.0;
				PRODUCT_BUNDLE_IDENTIFIER = com.jiho.MyMovieTests;
				PRODUCT_NAME = "$(TARGET_NAME)";
				SWIFT_EMIT_LOC_STRINGS = NO;
				SWIFT_VERSION = 5.0;
				TARGETED_DEVICE_FAMILY = "1,2";
				TEST_HOST = "$(BUILT_PRODUCTS_DIR)/MyMovie.app/$(BUNDLE_EXECUTABLE_FOLDER_PATH)/MyMovie";
			};
			name = Debug;
		};
		13D993CF29B382EB00B8E497 /* Release */ = {
			isa = XCBuildConfiguration;
			baseConfigurationReference = AE8F17900727A496F10F18A0 /* Pods-MyMovieTests.release.xcconfig */;
			buildSettings = {
				ALWAYS_EMBED_SWIFT_STANDARD_LIBRARIES = YES;
				BUNDLE_LOADER = "$(TEST_HOST)";
				CODE_SIGN_STYLE = Automatic;
				CURRENT_PROJECT_VERSION = 1;
				DEVELOPMENT_TEAM = 3LTN66N935;
				GENERATE_INFOPLIST_FILE = YES;
				IPHONEOS_DEPLOYMENT_TARGET = 16.2;
				MARKETING_VERSION = 1.0;
				PRODUCT_BUNDLE_IDENTIFIER = com.jiho.MyMovieTests;
				PRODUCT_NAME = "$(TARGET_NAME)";
				SWIFT_EMIT_LOC_STRINGS = NO;
				SWIFT_VERSION = 5.0;
				TARGETED_DEVICE_FAMILY = "1,2";
				TEST_HOST = "$(BUILT_PRODUCTS_DIR)/MyMovie.app/$(BUNDLE_EXECUTABLE_FOLDER_PATH)/MyMovie";
			};
			name = Release;
		};
		13D993D129B382EB00B8E497 /* Debug */ = {
			isa = XCBuildConfiguration;
			baseConfigurationReference = 9CAFA07E6653468EA2E1EFD8 /* Pods-MyMovie-MyMovieUITests.debug.xcconfig */;
			buildSettings = {
				ALWAYS_EMBED_SWIFT_STANDARD_LIBRARIES = YES;
				CODE_SIGN_STYLE = Automatic;
				CURRENT_PROJECT_VERSION = 1;
				DEVELOPMENT_TEAM = 3LTN66N935;
				GENERATE_INFOPLIST_FILE = YES;
				MARKETING_VERSION = 1.0;
				PRODUCT_BUNDLE_IDENTIFIER = com.jiho.MyMovieUITests;
				PRODUCT_NAME = "$(TARGET_NAME)";
				SWIFT_EMIT_LOC_STRINGS = NO;
				SWIFT_VERSION = 5.0;
				TARGETED_DEVICE_FAMILY = "1,2";
				TEST_TARGET_NAME = MyMovie;
			};
			name = Debug;
		};
		13D993D229B382EB00B8E497 /* Release */ = {
			isa = XCBuildConfiguration;
			baseConfigurationReference = 3DADEF712E8B836A8ECF0ABF /* Pods-MyMovie-MyMovieUITests.release.xcconfig */;
			buildSettings = {
				ALWAYS_EMBED_SWIFT_STANDARD_LIBRARIES = YES;
				CODE_SIGN_STYLE = Automatic;
				CURRENT_PROJECT_VERSION = 1;
				DEVELOPMENT_TEAM = 3LTN66N935;
				GENERATE_INFOPLIST_FILE = YES;
				MARKETING_VERSION = 1.0;
				PRODUCT_BUNDLE_IDENTIFIER = com.jiho.MyMovieUITests;
				PRODUCT_NAME = "$(TARGET_NAME)";
				SWIFT_EMIT_LOC_STRINGS = NO;
				SWIFT_VERSION = 5.0;
				TARGETED_DEVICE_FAMILY = "1,2";
				TEST_TARGET_NAME = MyMovie;
			};
			name = Release;
		};
/* End XCBuildConfiguration section */

/* Begin XCConfigurationList section */
		13D9939B29B382EA00B8E497 /* Build configuration list for PBXProject "MyMovie" */ = {
			isa = XCConfigurationList;
			buildConfigurations = (
				13D993C829B382EB00B8E497 /* Debug */,
				13D993C929B382EB00B8E497 /* Release */,
			);
			defaultConfigurationIsVisible = 0;
			defaultConfigurationName = Release;
		};
		13D993CA29B382EB00B8E497 /* Build configuration list for PBXNativeTarget "MyMovie" */ = {
			isa = XCConfigurationList;
			buildConfigurations = (
				13D993CB29B382EB00B8E497 /* Debug */,
				13D993CC29B382EB00B8E497 /* Release */,
			);
			defaultConfigurationIsVisible = 0;
			defaultConfigurationName = Release;
		};
		13D993CD29B382EB00B8E497 /* Build configuration list for PBXNativeTarget "MyMovieTests" */ = {
			isa = XCConfigurationList;
			buildConfigurations = (
				13D993CE29B382EB00B8E497 /* Debug */,
				13D993CF29B382EB00B8E497 /* Release */,
			);
			defaultConfigurationIsVisible = 0;
			defaultConfigurationName = Release;
		};
		13D993D029B382EB00B8E497 /* Build configuration list for PBXNativeTarget "MyMovieUITests" */ = {
			isa = XCConfigurationList;
			buildConfigurations = (
				13D993D129B382EB00B8E497 /* Debug */,
				13D993D229B382EB00B8E497 /* Release */,
			);
			defaultConfigurationIsVisible = 0;
			defaultConfigurationName = Release;
		};
/* End XCConfigurationList section */
	};
	rootObject = 13D9939829B382EA00B8E497 /* Project object */;
}
