// !$*UTF8*$!
{
	archiveVersion = 1;
	classes = {
	};
	objectVersion = 56;
	objects = {

/* Begin PBXBuildFile section */
		134BEA7129BDA128003B6D27 /* HomeDIContainer.swift in Sources */ = {isa = PBXBuildFile; fileRef = 134BEA7029BDA128003B6D27 /* HomeDIContainer.swift */; };
		1353253C29BCDFA700D540F8 /* MovieDetailViewController.swift in Sources */ = {isa = PBXBuildFile; fileRef = 1353253B29BCDFA700D540F8 /* MovieDetailViewController.swift */; };
		1353254129BCE6EC00D540F8 /* MovieDetailViewModel.swift in Sources */ = {isa = PBXBuildFile; fileRef = 1353254029BCE6EC00D540F8 /* MovieDetailViewModel.swift */; };
		136B640629D72495003D9B98 /* InnerCollectionView.swift in Sources */ = {isa = PBXBuildFile; fileRef = 136B640529D72495003D9B98 /* InnerCollectionView.swift */; };
		136B640A29D73878003D9B98 /* InnerCollectionViewCell.swift in Sources */ = {isa = PBXBuildFile; fileRef = 136B640929D73878003D9B98 /* InnerCollectionViewCell.swift */; };
		13D9940829B3877C00B8E497 /* Home.framework in Frameworks */ = {isa = PBXBuildFile; fileRef = 13D993FF29B3877B00B8E497 /* Home.framework */; };
		13D9940D29B3877C00B8E497 /* HomeTests.swift in Sources */ = {isa = PBXBuildFile; fileRef = 13D9940C29B3877C00B8E497 /* HomeTests.swift */; };
		13D9940E29B3877C00B8E497 /* Home.h in Headers */ = {isa = PBXBuildFile; fileRef = 13D9940229B3877B00B8E497 /* Home.h */; settings = {ATTRIBUTES = (Public, ); }; };
		13D9941F29B38B4A00B8E497 /* HomeViewController.swift in Sources */ = {isa = PBXBuildFile; fileRef = 13D9941E29B38B4A00B8E497 /* HomeViewController.swift */; };
		13D9942329B3903900B8E497 /* HomeViewModel.swift in Sources */ = {isa = PBXBuildFile; fileRef = 13D9942229B3903900B8E497 /* HomeViewModel.swift */; };
		13D9944129B4D9F900B8E497 /* Common.framework in Frameworks */ = {isa = PBXBuildFile; fileRef = 13D9944029B4D9F900B8E497 /* Common.framework */; };
		13D9944229B4D9F900B8E497 /* Common.framework in Embed Frameworks */ = {isa = PBXBuildFile; fileRef = 13D9944029B4D9F900B8E497 /* Common.framework */; settings = {ATTRIBUTES = (CodeSignOnCopy, RemoveHeadersOnCopy, ); }; };
		13D9947929B5CD8000B8E497 /* UIComponent.framework in Frameworks */ = {isa = PBXBuildFile; fileRef = 13D9947829B5CD8000B8E497 /* UIComponent.framework */; };
		13D9947A29B5CD8000B8E497 /* UIComponent.framework in Embed Frameworks */ = {isa = PBXBuildFile; fileRef = 13D9947829B5CD8000B8E497 /* UIComponent.framework */; settings = {ATTRIBUTES = (CodeSignOnCopy, RemoveHeadersOnCopy, ); }; };
		13D9C23929CD9DC100984556 /* SearchViewController.swift in Sources */ = {isa = PBXBuildFile; fileRef = 13D9C23829CD9DC100984556 /* SearchViewController.swift */; };
		13D9C23B29CD9DCD00984556 /* SearchViewModel.swift in Sources */ = {isa = PBXBuildFile; fileRef = 13D9C23A29CD9DCD00984556 /* SearchViewModel.swift */; };
		13D9C2DB29CF626E00984556 /* MypageViewController.swift in Sources */ = {isa = PBXBuildFile; fileRef = 13D9C2DA29CF626E00984556 /* MypageViewController.swift */; };
		6F410E963D6786AE4BC1635E /* Pods_Home.framework in Frameworks */ = {isa = PBXBuildFile; fileRef = 9591E0AC4B7E9A4B862ED57C /* Pods_Home.framework */; };
/* End PBXBuildFile section */

/* Begin PBXContainerItemProxy section */
		13D9940929B3877C00B8E497 /* PBXContainerItemProxy */ = {
			isa = PBXContainerItemProxy;
			containerPortal = 13D993F629B3877B00B8E497 /* Project object */;
			proxyType = 1;
			remoteGlobalIDString = 13D993FE29B3877B00B8E497;
			remoteInfo = Home;
		};
/* End PBXContainerItemProxy section */

/* Begin PBXCopyFilesBuildPhase section */
		13D9944329B4D9F900B8E497 /* Embed Frameworks */ = {
			isa = PBXCopyFilesBuildPhase;
			buildActionMask = 2147483647;
			dstPath = "";
			dstSubfolderSpec = 10;
			files = (
				13D9947A29B5CD8000B8E497 /* UIComponent.framework in Embed Frameworks */,
				13D9944229B4D9F900B8E497 /* Common.framework in Embed Frameworks */,
			);
			name = "Embed Frameworks";
			runOnlyForDeploymentPostprocessing = 0;
		};
/* End PBXCopyFilesBuildPhase section */

/* Begin PBXFileReference section */
		134BEA7029BDA128003B6D27 /* HomeDIContainer.swift */ = {isa = PBXFileReference; lastKnownFileType = sourcecode.swift; path = HomeDIContainer.swift; sourceTree = "<group>"; };
		1353253B29BCDFA700D540F8 /* MovieDetailViewController.swift */ = {isa = PBXFileReference; lastKnownFileType = sourcecode.swift; path = MovieDetailViewController.swift; sourceTree = "<group>"; };
		1353254029BCE6EC00D540F8 /* MovieDetailViewModel.swift */ = {isa = PBXFileReference; lastKnownFileType = sourcecode.swift; path = MovieDetailViewModel.swift; sourceTree = "<group>"; };
		136B640529D72495003D9B98 /* InnerCollectionView.swift */ = {isa = PBXFileReference; lastKnownFileType = sourcecode.swift; path = InnerCollectionView.swift; sourceTree = "<group>"; };
		136B640929D73878003D9B98 /* InnerCollectionViewCell.swift */ = {isa = PBXFileReference; lastKnownFileType = sourcecode.swift; path = InnerCollectionViewCell.swift; sourceTree = "<group>"; };
		13D993FF29B3877B00B8E497 /* Home.framework */ = {isa = PBXFileReference; explicitFileType = wrapper.framework; includeInIndex = 0; path = Home.framework; sourceTree = BUILT_PRODUCTS_DIR; };
		13D9940229B3877B00B8E497 /* Home.h */ = {isa = PBXFileReference; lastKnownFileType = sourcecode.c.h; path = Home.h; sourceTree = "<group>"; };
		13D9940729B3877C00B8E497 /* HomeTests.xctest */ = {isa = PBXFileReference; explicitFileType = wrapper.cfbundle; includeInIndex = 0; path = HomeTests.xctest; sourceTree = BUILT_PRODUCTS_DIR; };
		13D9940C29B3877C00B8E497 /* HomeTests.swift */ = {isa = PBXFileReference; lastKnownFileType = sourcecode.swift; path = HomeTests.swift; sourceTree = "<group>"; };
		13D9941E29B38B4A00B8E497 /* HomeViewController.swift */ = {isa = PBXFileReference; lastKnownFileType = sourcecode.swift; path = HomeViewController.swift; sourceTree = "<group>"; };
		13D9942229B3903900B8E497 /* HomeViewModel.swift */ = {isa = PBXFileReference; lastKnownFileType = sourcecode.swift; path = HomeViewModel.swift; sourceTree = "<group>"; };
		13D9944029B4D9F900B8E497 /* Common.framework */ = {isa = PBXFileReference; explicitFileType = wrapper.framework; path = Common.framework; sourceTree = BUILT_PRODUCTS_DIR; };
		13D9947829B5CD8000B8E497 /* UIComponent.framework */ = {isa = PBXFileReference; explicitFileType = wrapper.framework; path = UIComponent.framework; sourceTree = BUILT_PRODUCTS_DIR; };
		13D9C23829CD9DC100984556 /* SearchViewController.swift */ = {isa = PBXFileReference; lastKnownFileType = sourcecode.swift; path = SearchViewController.swift; sourceTree = "<group>"; };
		13D9C23A29CD9DCD00984556 /* SearchViewModel.swift */ = {isa = PBXFileReference; lastKnownFileType = sourcecode.swift; path = SearchViewModel.swift; sourceTree = "<group>"; };
		13D9C2DA29CF626E00984556 /* MypageViewController.swift */ = {isa = PBXFileReference; lastKnownFileType = sourcecode.swift; path = MypageViewController.swift; sourceTree = "<group>"; };
		71AE33F5DDAD060DADA8018F /* Pods-Home.release.xcconfig */ = {isa = PBXFileReference; includeInIndex = 1; lastKnownFileType = text.xcconfig; name = "Pods-Home.release.xcconfig"; path = "Target Support Files/Pods-Home/Pods-Home.release.xcconfig"; sourceTree = "<group>"; };
		9591E0AC4B7E9A4B862ED57C /* Pods_Home.framework */ = {isa = PBXFileReference; explicitFileType = wrapper.framework; includeInIndex = 0; path = Pods_Home.framework; sourceTree = BUILT_PRODUCTS_DIR; };
		F562A5B65309EC3EBB9DA5DF /* Pods-Home.debug.xcconfig */ = {isa = PBXFileReference; includeInIndex = 1; lastKnownFileType = text.xcconfig; name = "Pods-Home.debug.xcconfig"; path = "Target Support Files/Pods-Home/Pods-Home.debug.xcconfig"; sourceTree = "<group>"; };
/* End PBXFileReference section */

/* Begin PBXFrameworksBuildPhase section */
		13D993FC29B3877B00B8E497 /* Frameworks */ = {
			isa = PBXFrameworksBuildPhase;
			buildActionMask = 2147483647;
			files = (
				6F410E963D6786AE4BC1635E /* Pods_Home.framework in Frameworks */,
				13D9947929B5CD8000B8E497 /* UIComponent.framework in Frameworks */,
				13D9944129B4D9F900B8E497 /* Common.framework in Frameworks */,
			);
			runOnlyForDeploymentPostprocessing = 0;
		};
		13D9940429B3877C00B8E497 /* Frameworks */ = {
			isa = PBXFrameworksBuildPhase;
			buildActionMask = 2147483647;
			files = (
				13D9940829B3877C00B8E497 /* Home.framework in Frameworks */,
			);
			runOnlyForDeploymentPostprocessing = 0;
		};
/* End PBXFrameworksBuildPhase section */

/* Begin PBXGroup section */
		13D993F529B3877B00B8E497 = {
			isa = PBXGroup;
			children = (
				13D9940129B3877B00B8E497 /* Home */,
				13D9940B29B3877C00B8E497 /* HomeTests */,
				13D9940029B3877B00B8E497 /* Products */,
				1B66B39E0B0439BA09558B84 /* Pods */,
				FDD21F283CC5FCA56D6F5CF6 /* Frameworks */,
			);
			sourceTree = "<group>";
		};
		13D9940029B3877B00B8E497 /* Products */ = {
			isa = PBXGroup;
			children = (
				13D993FF29B3877B00B8E497 /* Home.framework */,
				13D9940729B3877C00B8E497 /* HomeTests.xctest */,
			);
			name = Products;
			sourceTree = "<group>";
		};
		13D9940129B3877B00B8E497 /* Home */ = {
			isa = PBXGroup;
			children = (
				13F9DD3B29D5CFDC00B0F1DB /* Common */,
				13D9C23329CD82E000984556 /* BoxOffice */,
				13D9C23429CD82F200984556 /* Search */,
				13D9C23529CD82FA00984556 /* Mypage */,
				13D9940229B3877B00B8E497 /* Home.h */,
				134BEA7029BDA128003B6D27 /* HomeDIContainer.swift */,
			);
			path = Home;
			sourceTree = "<group>";
		};
		13D9940B29B3877C00B8E497 /* HomeTests */ = {
			isa = PBXGroup;
			children = (
				13D9940C29B3877C00B8E497 /* HomeTests.swift */,
			);
			path = HomeTests;
			sourceTree = "<group>";
		};
		13D9C23329CD82E000984556 /* BoxOffice */ = {
			isa = PBXGroup;
			children = (
				13D9941E29B38B4A00B8E497 /* HomeViewController.swift */,
				13D9942229B3903900B8E497 /* HomeViewModel.swift */,
			);
			path = BoxOffice;
			sourceTree = "<group>";
		};
		13D9C23429CD82F200984556 /* Search */ = {
			isa = PBXGroup;
			children = (
				13D9C23829CD9DC100984556 /* SearchViewController.swift */,
				13D9C23A29CD9DCD00984556 /* SearchViewModel.swift */,
			);
			path = Search;
			sourceTree = "<group>";
		};
		13D9C23529CD82FA00984556 /* Mypage */ = {
			isa = PBXGroup;
			children = (
				13D9C2DA29CF626E00984556 /* MypageViewController.swift */,
				136B640529D72495003D9B98 /* InnerCollectionView.swift */,
				136B640929D73878003D9B98 /* InnerCollectionViewCell.swift */,
			);
			path = Mypage;
			sourceTree = "<group>";
		};
		13F9DD3B29D5CFDC00B0F1DB /* Common */ = {
			isa = PBXGroup;
			children = (
				1353253B29BCDFA700D540F8 /* MovieDetailViewController.swift */,
				1353254029BCE6EC00D540F8 /* MovieDetailViewModel.swift */,
			);
			path = Common;
			sourceTree = "<group>";
		};
		1B66B39E0B0439BA09558B84 /* Pods */ = {
			isa = PBXGroup;
			children = (
				F562A5B65309EC3EBB9DA5DF /* Pods-Home.debug.xcconfig */,
				71AE33F5DDAD060DADA8018F /* Pods-Home.release.xcconfig */,
			);
			name = Pods;
			path = ../Pods;
			sourceTree = "<group>";
		};
		FDD21F283CC5FCA56D6F5CF6 /* Frameworks */ = {
			isa = PBXGroup;
			children = (
				13D9947829B5CD8000B8E497 /* UIComponent.framework */,
				13D9944029B4D9F900B8E497 /* Common.framework */,
				9591E0AC4B7E9A4B862ED57C /* Pods_Home.framework */,
			);
			name = Frameworks;
			sourceTree = "<group>";
		};
/* End PBXGroup section */

/* Begin PBXHeadersBuildPhase section */
		13D993FA29B3877B00B8E497 /* Headers */ = {
			isa = PBXHeadersBuildPhase;
			buildActionMask = 2147483647;
			files = (
				13D9940E29B3877C00B8E497 /* Home.h in Headers */,
			);
			runOnlyForDeploymentPostprocessing = 0;
		};
/* End PBXHeadersBuildPhase section */

/* Begin PBXNativeTarget section */
		13D993FE29B3877B00B8E497 /* Home */ = {
			isa = PBXNativeTarget;
			buildConfigurationList = 13D9941129B3877C00B8E497 /* Build configuration list for PBXNativeTarget "Home" */;
			buildPhases = (
				8C48643A98B5C93006C4397B /* [CP] Check Pods Manifest.lock */,
				13D993FA29B3877B00B8E497 /* Headers */,
				13D993FB29B3877B00B8E497 /* Sources */,
				13D993FC29B3877B00B8E497 /* Frameworks */,
				13D993FD29B3877B00B8E497 /* Resources */,
				13D9944329B4D9F900B8E497 /* Embed Frameworks */,
			);
			buildRules = (
			);
			dependencies = (
			);
			name = Home;
			productName = Home;
			productReference = 13D993FF29B3877B00B8E497 /* Home.framework */;
			productType = "com.apple.product-type.framework";
		};
		13D9940629B3877C00B8E497 /* HomeTests */ = {
			isa = PBXNativeTarget;
			buildConfigurationList = 13D9941429B3877C00B8E497 /* Build configuration list for PBXNativeTarget "HomeTests" */;
			buildPhases = (
				13D9940329B3877C00B8E497 /* Sources */,
				13D9940429B3877C00B8E497 /* Frameworks */,
				13D9940529B3877C00B8E497 /* Resources */,
			);
			buildRules = (
			);
			dependencies = (
				13D9940A29B3877C00B8E497 /* PBXTargetDependency */,
			);
			name = HomeTests;
			productName = HomeTests;
			productReference = 13D9940729B3877C00B8E497 /* HomeTests.xctest */;
			productType = "com.apple.product-type.bundle.unit-test";
		};
/* End PBXNativeTarget section */

/* Begin PBXProject section */
		13D993F629B3877B00B8E497 /* Project object */ = {
			isa = PBXProject;
			attributes = {
				BuildIndependentTargetsInParallel = 1;
				LastSwiftUpdateCheck = 1420;
				LastUpgradeCheck = 1420;
				TargetAttributes = {
					13D993FE29B3877B00B8E497 = {
						CreatedOnToolsVersion = 14.2;
						LastSwiftMigration = 1420;
					};
					13D9940629B3877C00B8E497 = {
						CreatedOnToolsVersion = 14.2;
					};
				};
			};
			buildConfigurationList = 13D993F929B3877B00B8E497 /* Build configuration list for PBXProject "Home" */;
			compatibilityVersion = "Xcode 14.0";
			developmentRegion = en;
			hasScannedForEncodings = 0;
			knownRegions = (
				en,
				Base,
			);
			mainGroup = 13D993F529B3877B00B8E497;
			productRefGroup = 13D9940029B3877B00B8E497 /* Products */;
			projectDirPath = "";
			projectRoot = "";
			targets = (
				13D993FE29B3877B00B8E497 /* Home */,
				13D9940629B3877C00B8E497 /* HomeTests */,
			);
		};
/* End PBXProject section */

/* Begin PBXResourcesBuildPhase section */
		13D993FD29B3877B00B8E497 /* Resources */ = {
			isa = PBXResourcesBuildPhase;
			buildActionMask = 2147483647;
			files = (
			);
			runOnlyForDeploymentPostprocessing = 0;
		};
		13D9940529B3877C00B8E497 /* Resources */ = {
			isa = PBXResourcesBuildPhase;
			buildActionMask = 2147483647;
			files = (
			);
			runOnlyForDeploymentPostprocessing = 0;
		};
/* End PBXResourcesBuildPhase section */

/* Begin PBXShellScriptBuildPhase section */
		8C48643A98B5C93006C4397B /* [CP] Check Pods Manifest.lock */ = {
			isa = PBXShellScriptBuildPhase;
			buildActionMask = 2147483647;
			files = (
			);
			inputFileListPaths = (
			);
			inputPaths = (
				"${PODS_PODFILE_DIR_PATH}/Podfile.lock",
				"${PODS_ROOT}/Manifest.lock",
			);
			name = "[CP] Check Pods Manifest.lock";
			outputFileListPaths = (
			);
			outputPaths = (
				"$(DERIVED_FILE_DIR)/Pods-Home-checkManifestLockResult.txt",
			);
			runOnlyForDeploymentPostprocessing = 0;
			shellPath = /bin/sh;
			shellScript = "diff \"${PODS_PODFILE_DIR_PATH}/Podfile.lock\" \"${PODS_ROOT}/Manifest.lock\" > /dev/null\nif [ $? != 0 ] ; then\n    # print error to STDERR\n    echo \"error: The sandbox is not in sync with the Podfile.lock. Run 'pod install' or update your CocoaPods installation.\" >&2\n    exit 1\nfi\n# This output is used by Xcode 'outputs' to avoid re-running this script phase.\necho \"SUCCESS\" > \"${SCRIPT_OUTPUT_FILE_0}\"\n";
			showEnvVarsInLog = 0;
		};
/* End PBXShellScriptBuildPhase section */

/* Begin PBXSourcesBuildPhase section */
		13D993FB29B3877B00B8E497 /* Sources */ = {
			isa = PBXSourcesBuildPhase;
			buildActionMask = 2147483647;
			files = (
				13D9C23929CD9DC100984556 /* SearchViewController.swift in Sources */,
				136B640A29D73878003D9B98 /* InnerCollectionViewCell.swift in Sources */,
				13D9C23B29CD9DCD00984556 /* SearchViewModel.swift in Sources */,
				134BEA7129BDA128003B6D27 /* HomeDIContainer.swift in Sources */,
				1353254129BCE6EC00D540F8 /* MovieDetailViewModel.swift in Sources */,
				13D9941F29B38B4A00B8E497 /* HomeViewController.swift in Sources */,
				1353253C29BCDFA700D540F8 /* MovieDetailViewController.swift in Sources */,
				13D9942329B3903900B8E497 /* HomeViewModel.swift in Sources */,
				13D9C2DB29CF626E00984556 /* MypageViewController.swift in Sources */,
				136B640629D72495003D9B98 /* InnerCollectionView.swift in Sources */,
			);
			runOnlyForDeploymentPostprocessing = 0;
		};
		13D9940329B3877C00B8E497 /* Sources */ = {
			isa = PBXSourcesBuildPhase;
			buildActionMask = 2147483647;
			files = (
				13D9940D29B3877C00B8E497 /* HomeTests.swift in Sources */,
			);
			runOnlyForDeploymentPostprocessing = 0;
		};
/* End PBXSourcesBuildPhase section */

/* Begin PBXTargetDependency section */
		13D9940A29B3877C00B8E497 /* PBXTargetDependency */ = {
			isa = PBXTargetDependency;
			target = 13D993FE29B3877B00B8E497 /* Home */;
			targetProxy = 13D9940929B3877C00B8E497 /* PBXContainerItemProxy */;
		};
/* End PBXTargetDependency section */

/* Begin XCBuildConfiguration section */
		13D9940F29B3877C00B8E497 /* Debug */ = {
			isa = XCBuildConfiguration;
			buildSettings = {
				ALWAYS_SEARCH_USER_PATHS = NO;
				CLANG_ANALYZER_NONNULL = YES;
				CLANG_ANALYZER_NUMBER_OBJECT_CONVERSION = YES_AGGRESSIVE;
				CLANG_CXX_LANGUAGE_STANDARD = "gnu++20";
				CLANG_ENABLE_MODULES = YES;
				CLANG_ENABLE_OBJC_ARC = YES;
				CLANG_ENABLE_OBJC_WEAK = YES;
				CLANG_WARN_BLOCK_CAPTURE_AUTORELEASING = YES;
				CLANG_WARN_BOOL_CONVERSION = YES;
				CLANG_WARN_COMMA = YES;
				CLANG_WARN_CONSTANT_CONVERSION = YES;
				CLANG_WARN_DEPRECATED_OBJC_IMPLEMENTATIONS = YES;
				CLANG_WARN_DIRECT_OBJC_ISA_USAGE = YES_ERROR;
				CLANG_WARN_DOCUMENTATION_COMMENTS = YES;
				CLANG_WARN_EMPTY_BODY = YES;
				CLANG_WARN_ENUM_CONVERSION = YES;
				CLANG_WARN_INFINITE_RECURSION = YES;
				CLANG_WARN_INT_CONVERSION = YES;
				CLANG_WARN_NON_LITERAL_NULL_CONVERSION = YES;
				CLANG_WARN_OBJC_IMPLICIT_RETAIN_SELF = YES;
				CLANG_WARN_OBJC_LITERAL_CONVERSION = YES;
				CLANG_WARN_OBJC_ROOT_CLASS = YES_ERROR;
				CLANG_WARN_QUOTED_INCLUDE_IN_FRAMEWORK_HEADER = YES;
				CLANG_WARN_RANGE_LOOP_ANALYSIS = YES;
				CLANG_WARN_STRICT_PROTOTYPES = YES;
				CLANG_WARN_SUSPICIOUS_MOVE = YES;
				CLANG_WARN_UNGUARDED_AVAILABILITY = YES_AGGRESSIVE;
				CLANG_WARN_UNREACHABLE_CODE = YES;
				CLANG_WARN__DUPLICATE_METHOD_MATCH = YES;
				COPY_PHASE_STRIP = NO;
				CURRENT_PROJECT_VERSION = 1;
				DEBUG_INFORMATION_FORMAT = dwarf;
				ENABLE_STRICT_OBJC_MSGSEND = YES;
				ENABLE_TESTABILITY = YES;
				GCC_C_LANGUAGE_STANDARD = gnu11;
				GCC_DYNAMIC_NO_PIC = NO;
				GCC_NO_COMMON_BLOCKS = YES;
				GCC_OPTIMIZATION_LEVEL = 0;
				GCC_PREPROCESSOR_DEFINITIONS = (
					"DEBUG=1",
					"$(inherited)",
				);
				GCC_WARN_64_TO_32_BIT_CONVERSION = YES;
				GCC_WARN_ABOUT_RETURN_TYPE = YES_ERROR;
				GCC_WARN_UNDECLARED_SELECTOR = YES;
				GCC_WARN_UNINITIALIZED_AUTOS = YES_AGGRESSIVE;
				GCC_WARN_UNUSED_FUNCTION = YES;
				GCC_WARN_UNUSED_VARIABLE = YES;
				IPHONEOS_DEPLOYMENT_TARGET = 14.0;
				MTL_ENABLE_DEBUG_INFO = INCLUDE_SOURCE;
				MTL_FAST_MATH = YES;
				ONLY_ACTIVE_ARCH = YES;
				SDKROOT = iphoneos;
				SWIFT_ACTIVE_COMPILATION_CONDITIONS = DEBUG;
				SWIFT_OPTIMIZATION_LEVEL = "-Onone";
				VERSIONING_SYSTEM = "apple-generic";
				VERSION_INFO_PREFIX = "";
			};
			name = Debug;
		};
		13D9941029B3877C00B8E497 /* Release */ = {
			isa = XCBuildConfiguration;
			buildSettings = {
				ALWAYS_SEARCH_USER_PATHS = NO;
				CLANG_ANALYZER_NONNULL = YES;
				CLANG_ANALYZER_NUMBER_OBJECT_CONVERSION = YES_AGGRESSIVE;
				CLANG_CXX_LANGUAGE_STANDARD = "gnu++20";
				CLANG_ENABLE_MODULES = YES;
				CLANG_ENABLE_OBJC_ARC = YES;
				CLANG_ENABLE_OBJC_WEAK = YES;
				CLANG_WARN_BLOCK_CAPTURE_AUTORELEASING = YES;
				CLANG_WARN_BOOL_CONVERSION = YES;
				CLANG_WARN_COMMA = YES;
				CLANG_WARN_CONSTANT_CONVERSION = YES;
				CLANG_WARN_DEPRECATED_OBJC_IMPLEMENTATIONS = YES;
				CLANG_WARN_DIRECT_OBJC_ISA_USAGE = YES_ERROR;
				CLANG_WARN_DOCUMENTATION_COMMENTS = YES;
				CLANG_WARN_EMPTY_BODY = YES;
				CLANG_WARN_ENUM_CONVERSION = YES;
				CLANG_WARN_INFINITE_RECURSION = YES;
				CLANG_WARN_INT_CONVERSION = YES;
				CLANG_WARN_NON_LITERAL_NULL_CONVERSION = YES;
				CLANG_WARN_OBJC_IMPLICIT_RETAIN_SELF = YES;
				CLANG_WARN_OBJC_LITERAL_CONVERSION = YES;
				CLANG_WARN_OBJC_ROOT_CLASS = YES_ERROR;
				CLANG_WARN_QUOTED_INCLUDE_IN_FRAMEWORK_HEADER = YES;
				CLANG_WARN_RANGE_LOOP_ANALYSIS = YES;
				CLANG_WARN_STRICT_PROTOTYPES = YES;
				CLANG_WARN_SUSPICIOUS_MOVE = YES;
				CLANG_WARN_UNGUARDED_AVAILABILITY = YES_AGGRESSIVE;
				CLANG_WARN_UNREACHABLE_CODE = YES;
				CLANG_WARN__DUPLICATE_METHOD_MATCH = YES;
				COPY_PHASE_STRIP = NO;
				CURRENT_PROJECT_VERSION = 1;
				DEBUG_INFORMATION_FORMAT = "dwarf-with-dsym";
				ENABLE_NS_ASSERTIONS = NO;
				ENABLE_STRICT_OBJC_MSGSEND = YES;
				GCC_C_LANGUAGE_STANDARD = gnu11;
				GCC_NO_COMMON_BLOCKS = YES;
				GCC_WARN_64_TO_32_BIT_CONVERSION = YES;
				GCC_WARN_ABOUT_RETURN_TYPE = YES_ERROR;
				GCC_WARN_UNDECLARED_SELECTOR = YES;
				GCC_WARN_UNINITIALIZED_AUTOS = YES_AGGRESSIVE;
				GCC_WARN_UNUSED_FUNCTION = YES;
				GCC_WARN_UNUSED_VARIABLE = YES;
				IPHONEOS_DEPLOYMENT_TARGET = 14.0;
				MTL_ENABLE_DEBUG_INFO = NO;
				MTL_FAST_MATH = YES;
				SDKROOT = iphoneos;
				SWIFT_COMPILATION_MODE = wholemodule;
				SWIFT_OPTIMIZATION_LEVEL = "-O";
				VALIDATE_PRODUCT = YES;
				VERSIONING_SYSTEM = "apple-generic";
				VERSION_INFO_PREFIX = "";
			};
			name = Release;
		};
		13D9941229B3877C00B8E497 /* Debug */ = {
			isa = XCBuildConfiguration;
			baseConfigurationReference = F562A5B65309EC3EBB9DA5DF /* Pods-Home.debug.xcconfig */;
			buildSettings = {
				CLANG_ENABLE_MODULES = YES;
				CODE_SIGN_STYLE = Automatic;
				CURRENT_PROJECT_VERSION = 1;
				DEFINES_MODULE = YES;
				DEVELOPMENT_TEAM = 3LTN66N935;
				DYLIB_COMPATIBILITY_VERSION = 1;
				DYLIB_CURRENT_VERSION = 1;
				DYLIB_INSTALL_NAME_BASE = "@rpath";
				GENERATE_INFOPLIST_FILE = YES;
				INFOPLIST_KEY_NSHumanReadableCopyright = "";
				INSTALL_PATH = "$(LOCAL_LIBRARY_DIR)/Frameworks";
				IPHONEOS_DEPLOYMENT_TARGET = 14.0;
				LD_RUNPATH_SEARCH_PATHS = (
					"$(inherited)",
					"@executable_path/Frameworks",
					"@loader_path/Frameworks",
				);
				MARKETING_VERSION = 1.0;
				PRODUCT_BUNDLE_IDENTIFIER = com.jiho.Home;
				PRODUCT_NAME = "$(TARGET_NAME:c99extidentifier)";
				SKIP_INSTALL = YES;
				SUPPORTED_PLATFORMS = "iphoneos iphonesimulator";
				SUPPORTS_MACCATALYST = NO;
				SUPPORTS_MAC_DESIGNED_FOR_IPHONE_IPAD = NO;
				SWIFT_EMIT_LOC_STRINGS = YES;
				SWIFT_OPTIMIZATION_LEVEL = "-Onone";
				SWIFT_VERSION = 5.0;
				TARGETED_DEVICE_FAMILY = "1,2";
			};
			name = Debug;
		};
		13D9941329B3877C00B8E497 /* Release */ = {
			isa = XCBuildConfiguration;
			baseConfigurationReference = 71AE33F5DDAD060DADA8018F /* Pods-Home.release.xcconfig */;
			buildSettings = {
				CLANG_ENABLE_MODULES = YES;
				CODE_SIGN_STYLE = Automatic;
				CURRENT_PROJECT_VERSION = 1;
				DEFINES_MODULE = YES;
				DEVELOPMENT_TEAM = 3LTN66N935;
				DYLIB_COMPATIBILITY_VERSION = 1;
				DYLIB_CURRENT_VERSION = 1;
				DYLIB_INSTALL_NAME_BASE = "@rpath";
				GENERATE_INFOPLIST_FILE = YES;
				INFOPLIST_KEY_NSHumanReadableCopyright = "";
				INSTALL_PATH = "$(LOCAL_LIBRARY_DIR)/Frameworks";
				IPHONEOS_DEPLOYMENT_TARGET = 14.0;
				LD_RUNPATH_SEARCH_PATHS = (
					"$(inherited)",
					"@executable_path/Frameworks",
					"@loader_path/Frameworks",
				);
				MARKETING_VERSION = 1.0;
				PRODUCT_BUNDLE_IDENTIFIER = com.jiho.Home;
				PRODUCT_NAME = "$(TARGET_NAME:c99extidentifier)";
				SKIP_INSTALL = YES;
				SUPPORTED_PLATFORMS = "iphoneos iphonesimulator";
				SUPPORTS_MACCATALYST = NO;
				SUPPORTS_MAC_DESIGNED_FOR_IPHONE_IPAD = NO;
				SWIFT_EMIT_LOC_STRINGS = YES;
				SWIFT_VERSION = 5.0;
				TARGETED_DEVICE_FAMILY = "1,2";
			};
			name = Release;
		};
		13D9941529B3877C00B8E497 /* Debug */ = {
			isa = XCBuildConfiguration;
			buildSettings = {
				ALWAYS_EMBED_SWIFT_STANDARD_LIBRARIES = YES;
				CODE_SIGN_STYLE = Automatic;
				CURRENT_PROJECT_VERSION = 1;
				DEVELOPMENT_TEAM = 3LTN66N935;
				GENERATE_INFOPLIST_FILE = YES;
				MARKETING_VERSION = 1.0;
				PRODUCT_BUNDLE_IDENTIFIER = com.jiho.HomeTests;
				PRODUCT_NAME = "$(TARGET_NAME)";
				SWIFT_EMIT_LOC_STRINGS = NO;
				SWIFT_VERSION = 5.0;
				TARGETED_DEVICE_FAMILY = "1,2";
			};
			name = Debug;
		};
		13D9941629B3877C00B8E497 /* Release */ = {
			isa = XCBuildConfiguration;
			buildSettings = {
				ALWAYS_EMBED_SWIFT_STANDARD_LIBRARIES = YES;
				CODE_SIGN_STYLE = Automatic;
				CURRENT_PROJECT_VERSION = 1;
				DEVELOPMENT_TEAM = 3LTN66N935;
				GENERATE_INFOPLIST_FILE = YES;
				MARKETING_VERSION = 1.0;
				PRODUCT_BUNDLE_IDENTIFIER = com.jiho.HomeTests;
				PRODUCT_NAME = "$(TARGET_NAME)";
				SWIFT_EMIT_LOC_STRINGS = NO;
				SWIFT_VERSION = 5.0;
				TARGETED_DEVICE_FAMILY = "1,2";
			};
			name = Release;
		};
/* End XCBuildConfiguration section */

/* Begin XCConfigurationList section */
		13D993F929B3877B00B8E497 /* Build configuration list for PBXProject "Home" */ = {
			isa = XCConfigurationList;
			buildConfigurations = (
				13D9940F29B3877C00B8E497 /* Debug */,
				13D9941029B3877C00B8E497 /* Release */,
			);
			defaultConfigurationIsVisible = 0;
			defaultConfigurationName = Release;
		};
		13D9941129B3877C00B8E497 /* Build configuration list for PBXNativeTarget "Home" */ = {
			isa = XCConfigurationList;
			buildConfigurations = (
				13D9941229B3877C00B8E497 /* Debug */,
				13D9941329B3877C00B8E497 /* Release */,
			);
			defaultConfigurationIsVisible = 0;
			defaultConfigurationName = Release;
		};
		13D9941429B3877C00B8E497 /* Build configuration list for PBXNativeTarget "HomeTests" */ = {
			isa = XCConfigurationList;
			buildConfigurations = (
				13D9941529B3877C00B8E497 /* Debug */,
				13D9941629B3877C00B8E497 /* Release */,
			);
			defaultConfigurationIsVisible = 0;
			defaultConfigurationName = Release;
		};
/* End XCConfigurationList section */
	};
	rootObject = 13D993F629B3877B00B8E497 /* Project object */;
}
